
Microsoft Visual Studio Solution File, Format Version 12.00
# Visual Studio Version 17
VisualStudioVersion = 17.12.35707.178
MinimumVisualStudioVersion = 10.0.40219.1
Project("{9A19103F-16F7-4668-BE54-9A1E7A4F7556}") = "DeepCopy", "src\DeepCopy\DeepCopy.csproj", "{4A7DB10F-4EA0-4150-853D-89AF6C025591}"
EndProject
Project("{2150E333-8FDC-42A3-9474-1A3956D46DE8}") = "tests", "tests", "{1A7EF92D-B1BC-4685-A9A5-72DBF1507778}"
EndProject
Project("{9A19103F-16F7-4668-BE54-9A1E7A4F7556}") = "DeepCopy.Test", "tests\DeepCopy.Test\DeepCopy.Test.csproj", "{33F8F9DC-3D3E-4821-9E04-94C5F1B0B3AB}"
EndProject
Project("{2150E333-8FDC-42A3-9474-1A3956D46DE8}") = "Solution Items", "Solution Items", "{78A42024-8EAE-4DA3-BAB6-EC5341D99AE7}"
	ProjectSection(SolutionItems) = preProject
		README.md = README.md
	EndProjectSection
EndProject
Project("{2150E333-8FDC-42A3-9474-1A3956D46DE8}") = "benchmark", "benchmark", "{1E97E8CE-BDD2-4C10-9DD0-B6E6E5D52C94}"
EndProject
Project("{FAE04EC0-301F-11D3-BF4B-00C04F79EFBC}") = "DeepCopy.Benchmark", "benchmark\DeepCopy.Benchmark\DeepCopy.Benchmark.csproj", "{3D403903-273E-468A-B6A5-93523B207203}"
EndProject
Project("{FAE04EC0-301F-11D3-BF4B-00C04F79EFBC}") = "DeepCopy.Test.NetFramework", "tests\DeepCopy.Test.NetFramework\DeepCopy.Test.NetFramework.csproj", "{1110AA98-1ED2-49CC-B741-BAFC0153FCA0}"
EndProject
Global
	GlobalSection(SolutionConfigurationPlatforms) = preSolution
		Debug|Any CPU = Debug|Any CPU
		Release|Any CPU = Release|Any CPU
	EndGlobalSection
	GlobalSection(ProjectConfigurationPlatforms) = postSolution
		{4A7DB10F-4EA0-4150-853D-89AF6C025591}.Debug|Any CPU.ActiveCfg = Debug|Any CPU
		{4A7DB10F-4EA0-4150-853D-89AF6C025591}.Debug|Any CPU.Build.0 = Debug|Any CPU
		{4A7DB10F-4EA0-4150-853D-89AF6C025591}.Release|Any CPU.ActiveCfg = Release|Any CPU
		{4A7DB10F-4EA0-4150-853D-89AF6C025591}.Release|Any CPU.Build.0 = Release|Any CPU
		{33F8F9DC-3D3E-4821-9E04-94C5F1B0B3AB}.Debug|Any CPU.ActiveCfg = Debug|Any CPU
		{33F8F9DC-3D3E-4821-9E04-94C5F1B0B3AB}.Debug|Any CPU.Build.0 = Debug|Any CPU
		{33F8F9DC-3D3E-4821-9E04-94C5F1B0B3AB}.Release|Any CPU.ActiveCfg = Release|x64
		{33F8F9DC-3D3E-4821-9E04-94C5F1B0B3AB}.Release|Any CPU.Build.0 = Release|x64
		{3D403903-273E-468A-B6A5-93523B207203}.Debug|Any CPU.ActiveCfg = Debug|Any CPU
		{3D403903-273E-468A-B6A5-93523B207203}.Debug|Any CPU.Build.0 = Debug|Any CPU
		{3D403903-273E-468A-B6A5-93523B207203}.Release|Any CPU.ActiveCfg = Release|x64
		{3D403903-273E-468A-B6A5-93523B207203}.Release|Any CPU.Build.0 = Release|x64
		{1110AA98-1ED2-49CC-B741-BAFC0153FCA0}.Debug|Any CPU.ActiveCfg = Debug|Any CPU
		{1110AA98-1ED2-49CC-B741-BAFC0153FCA0}.Debug|Any CPU.Build.0 = Debug|Any CPU
		{1110AA98-1ED2-49CC-B741-BAFC0153FCA0}.Release|Any CPU.ActiveCfg = Release|Any CPU
		{1110AA98-1ED2-49CC-B741-BAFC0153FCA0}.Release|Any CPU.Build.0 = Release|Any CPU
	EndGlobalSection
	GlobalSection(SolutionProperties) = preSolution
		HideSolutionNode = FALSE
	EndGlobalSection
	GlobalSection(NestedProjects) = preSolution
		{33F8F9DC-3D3E-4821-9E04-94C5F1B0B3AB} = {1A7EF92D-B1BC-4685-A9A5-72DBF1507778}
		{3D403903-273E-468A-B6A5-93523B207203} = {1E97E8CE-BDD2-4C10-9DD0-B6E6E5D52C94}
		{1110AA98-1ED2-49CC-B741-BAFC0153FCA0} = {1A7EF92D-B1BC-4685-A9A5-72DBF1507778}
	EndGlobalSection
	GlobalSection(ExtensibilityGlobals) = postSolution
		SolutionGuid = {73B14296-20DA-4A48-A52C-0571F0C21318}
	EndGlobalSection
EndGlobal
